version = 1
revision = 1
requires-python = ">=3.12"

[[package]]
name = "fontstructotfbug"
version = "0.1.0"
source = { virtual = "." }
dependencies = [
    { name = "fonttools" },
    { name = "uharfbuzz" },
]

[package.metadata]
requires-dist = [
    { name = "fonttools", specifier = ">=4.56.0" },
    { name = "uharfbuzz", specifier = "==0.39.3" },
]

[[package]]
name = "fonttools"
version = "4.56.0"
source = { registry = "https://pypi.org/simple" }
sdist = { url = "https://files.pythonhosted.org/packages/1c/8c/9ffa2a555af0e5e5d0e2ed7fdd8c9bef474ed676995bb4c57c9cd0014248/fonttools-4.56.0.tar.gz", hash = "sha256:a114d1567e1a1586b7e9e7fc2ff686ca542a82769a296cef131e4c4af51e58f4", size = 3462892 }
wheels = [
    { url = "https://files.pythonhosted.org/packages/39/32/71cfd6877999576a11824a7fe7bc0bb57c5c72b1f4536fa56a3e39552643/fonttools-4.56.0-cp312-cp312-macosx_10_13_universal2.whl", hash = "sha256:d6f195c14c01bd057bc9b4f70756b510e009c83c5ea67b25ced3e2c38e6ee6e9", size = 2747757 },
    { url = "https://files.pythonhosted.org/packages/15/52/d9f716b072c5061a0b915dd4c387f74bef44c68c069e2195c753905bd9b7/fonttools-4.56.0-cp312-cp312-macosx_10_13_x86_64.whl", hash = "sha256:fa760e5fe8b50cbc2d71884a1eff2ed2b95a005f02dda2fa431560db0ddd927f", size = 2279007 },
    { url = "https://files.pythonhosted.org/packages/d1/97/f1b3a8afa9a0d814a092a25cd42f59ccb98a0bb7a295e6e02fc9ba744214/fonttools-4.56.0-cp312-cp312-manylinux_2_17_aarch64.manylinux2014_aarch64.whl", hash = "sha256:d54a45d30251f1d729e69e5b675f9a08b7da413391a1227781e2a297fa37f6d2", size = 4783991 },
    { url = "https://files.pythonhosted.org/packages/95/70/2a781bedc1c45a0c61d29c56425609b22ed7f971da5d7e5df2679488741b/fonttools-4.56.0-cp312-cp312-manylinux_2_5_x86_64.manylinux1_x86_64.manylinux_2_17_x86_64.manylinux2014_x86_64.whl", hash = "sha256:661a8995d11e6e4914a44ca7d52d1286e2d9b154f685a4d1f69add8418961563", size = 4855109 },
    { url = "https://files.pythonhosted.org/packages/0c/02/a2597858e61a5e3fb6a14d5f6be9e6eb4eaf090da56ad70cedcbdd201685/fonttools-4.56.0-cp312-cp312-musllinux_1_2_aarch64.whl", hash = "sha256:9d94449ad0a5f2a8bf5d2f8d71d65088aee48adbe45f3c5f8e00e3ad861ed81a", size = 4762496 },
    { url = "https://files.pythonhosted.org/packages/f2/00/aaf00100d6078fdc73f7352b44589804af9dc12b182a2540b16002152ba4/fonttools-4.56.0-cp312-cp312-musllinux_1_2_x86_64.whl", hash = "sha256:f59746f7953f69cc3290ce2f971ab01056e55ddd0fb8b792c31a8acd7fee2d28", size = 4990094 },
    { url = "https://files.pythonhosted.org/packages/bf/dc/3ff1db522460db60cf3adaf1b64e0c72b43406717d139786d3fa1eb20709/fonttools-4.56.0-cp312-cp312-win32.whl", hash = "sha256:bce60f9a977c9d3d51de475af3f3581d9b36952e1f8fc19a1f2254f1dda7ce9c", size = 2142888 },
    { url = "https://files.pythonhosted.org/packages/6f/e3/5a181a85777f7809076e51f7422e0dc77eb04676c40ec8bf6a49d390d1ff/fonttools-4.56.0-cp312-cp312-win_amd64.whl", hash = "sha256:300c310bb725b2bdb4f5fc7e148e190bd69f01925c7ab437b9c0ca3e1c7cd9ba", size = 2189734 },
    { url = "https://files.pythonhosted.org/packages/a5/55/f06b48d48e0b4ec3a3489efafe9bd4d81b6e0802ac51026e3ee4634e89ba/fonttools-4.56.0-cp313-cp313-macosx_10_13_universal2.whl", hash = "sha256:f20e2c0dfab82983a90f3d00703ac0960412036153e5023eed2b4641d7d5e692", size = 2735127 },
    { url = "https://files.pythonhosted.org/packages/59/db/d2c7c9b6dd5cbd46f183e650a47403ffb88fca17484eb7c4b1cd88f9e513/fonttools-4.56.0-cp313-cp313-macosx_10_13_x86_64.whl", hash = "sha256:f36a0868f47b7566237640c026c65a86d09a3d9ca5df1cd039e30a1da73098a0", size = 2272519 },
    { url = "https://files.pythonhosted.org/packages/4d/a2/da62d779c34a0e0c06415f02eab7fa3466de5d46df459c0275a255cefc65/fonttools-4.56.0-cp313-cp313-manylinux_2_17_aarch64.manylinux2014_aarch64.whl", hash = "sha256:62b4c6802fa28e14dba010e75190e0e6228513573f1eeae57b11aa1a39b7e5b1", size = 4762423 },
    { url = "https://files.pythonhosted.org/packages/be/6a/fd4018e0448c8a5e12138906411282c5eab51a598493f080a9f0960e658f/fonttools-4.56.0-cp313-cp313-manylinux_2_5_x86_64.manylinux1_x86_64.manylinux_2_17_x86_64.manylinux2014_x86_64.whl", hash = "sha256:a05d1f07eb0a7d755fbe01fee1fd255c3a4d3730130cf1bfefb682d18fd2fcea", size = 4834442 },
    { url = "https://files.pythonhosted.org/packages/6d/63/fa1dec8efb35bc11ef9c39b2d74754b45d48a3ccb2cf78c0109c0af639e8/fonttools-4.56.0-cp313-cp313-musllinux_1_2_aarch64.whl", hash = "sha256:0073b62c3438cf0058488c002ea90489e8801d3a7af5ce5f7c05c105bee815c3", size = 4742800 },
    { url = "https://files.pythonhosted.org/packages/dd/f4/963247ae8c73ccc4cf2929e7162f595c81dbe17997d1d0ea77da24a217c9/fonttools-4.56.0-cp313-cp313-musllinux_1_2_x86_64.whl", hash = "sha256:e2cad98c94833465bcf28f51c248aaf07ca022efc6a3eba750ad9c1e0256d278", size = 4963746 },
    { url = "https://files.pythonhosted.org/packages/ea/e0/46f9600c39c644b54e4420f941f75fa200d9288c9ae171e5d80918b8cbb9/fonttools-4.56.0-cp313-cp313-win32.whl", hash = "sha256:d0cb73ccf7f6d7ca8d0bc7ea8ac0a5b84969a41c56ac3ac3422a24df2680546f", size = 2140927 },
    { url = "https://files.pythonhosted.org/packages/27/6d/3edda54f98a550a0473f032d8050315fbc8f1b76a0d9f3879b72ebb2cdd6/fonttools-4.56.0-cp313-cp313-win_amd64.whl", hash = "sha256:62cc1253827d1e500fde9dbe981219fea4eb000fd63402283472d38e7d8aa1c6", size = 2186709 },
    { url = "https://files.pythonhosted.org/packages/bf/ff/44934a031ce5a39125415eb405b9efb76fe7f9586b75291d66ae5cbfc4e6/fonttools-4.56.0-py3-none-any.whl", hash = "sha256:1088182f68c303b50ca4dc0c82d42083d176cba37af1937e1a976a31149d4d14", size = 1089800 },
]

[[package]]
name = "uharfbuzz"
version = "0.39.3"
source = { registry = "https://pypi.org/simple" }
sdist = { url = "https://files.pythonhosted.org/packages/de/b0/a1ea87822722bb70d13a26c1ee92bfcc4c1a14fc21ada40508af09fd564f/uharfbuzz-0.39.3.zip", hash = "sha256:1102d9fd371cdea6a859be380a3cc554237f4cf2933bc09e98aceaeae8a42229", size = 1873694 }
wheels = [
    { url = "https://files.pythonhosted.org/packages/a4/43/5fe2ea073fe2d5aa6bd3663968a7e2679fdae2c99fd9a472bcfe182e2670/uharfbuzz-0.39.3-cp312-cp312-macosx_10_9_universal2.whl", hash = "sha256:37fbf2cf9931e00729e058b7a95edc470bb891e19e72491c8c9f04a6b1a57470", size = 2801022 },
    { url = "https://files.pythonhosted.org/packages/b5/bd/df5d5e25b87cd39191540cefc23ab29caec9506d1bef36cd10dfe3169c8d/uharfbuzz-0.39.3-cp312-cp312-macosx_10_9_x86_64.whl", hash = "sha256:5143939d5079e4c7af212da9d9f30e84ebda040628acb284851e3dfecd695842", size = 1457679 },
    { url = "https://files.pythonhosted.org/packages/62/ca/91c989edecc13cadb43867b88ef9ee182b5e7e19e264046662c53ca236ab/uharfbuzz-0.39.3-cp312-cp312-macosx_11_0_arm64.whl", hash = "sha256:9686f8d552cc3a8fe12b30e3a2add90645ec67a95fb3117cc7b1a85c0eec332b", size = 1349487 },
    { url = "https://files.pythonhosted.org/packages/c5/cb/7d8d8a2c7a44b03593b79c960929fb129e65477f10c931b2eb88eded4827/uharfbuzz-0.39.3-cp312-cp312-manylinux_2_17_x86_64.manylinux2014_x86_64.whl", hash = "sha256:703425670bc89333ed23f635345d766b66d927b89a68597cfac1ebdc47542177", size = 1515174 },
    { url = "https://files.pythonhosted.org/packages/79/25/1472bfa3019c96a97c287ba43f8df29258411ed6aed643ebdb56bcedf34c/uharfbuzz-0.39.3-cp312-cp312-musllinux_1_2_x86_64.whl", hash = "sha256:99643ab1337962e98f04b3bdf1cd4afdfcb3a0f2d498853d10161aea04574fe8", size = 16004852 },
    { url = "https://files.pythonhosted.org/packages/d7/22/777263d140b0e5566f3397af93a613a0776abd1bf2245c7dc5e24ec06daf/uharfbuzz-0.39.3-cp312-cp312-win32.whl", hash = "sha256:693f848623c27457a18c371be581e125ba78e35cf8dc5ade30f8595aa3bd2ca9", size = 945542 },
    { url = "https://files.pythonhosted.org/packages/52/36/3e7fab375dbf547913c0ff3f6b99c7d5b69e052d9a559041f7231015078c/uharfbuzz-0.39.3-cp312-cp312-win_amd64.whl", hash = "sha256:e5e638d23d196b7043e1832af9f32412e45c5233a6e8296e1d1941dc70b5614d", size = 1185245 },
]
